
Microsoft Visual Studio Solution File, Format Version 12.00
# Visual Studio Version 17
VisualStudioVersion = 17.10.35013.160
MinimumVisualStudioVersion = 10.0.40219.1
Project("{FAE04EC0-301F-11D3-BF4B-00C04F79EFBC}") = "ContosoPizza", "ContosoPizza\ContosoPizza.csproj", "{B184C3DB-E8EC-47C4-BBE4-CA7C3FA78989}"
EndProject
Global
	GlobalSection(SolutionConfigurationPlatforms) = preSolution
		Debug|Any CPU = Debug|Any CPU
		Release|Any CPU = Release|Any CPU
	EndGlobalSection
	GlobalSection(ProjectConfigurationPlatforms) = postSolution
		{B184C3DB-E8EC-47C4-BBE4-CA7C3FA78989}.Debug|Any CPU.ActiveCfg = Debug|Any CPU
		{B184C3DB-E8EC-47C4-BBE4-CA7C3FA78989}.Debug|Any CPU.Build.0 = Debug|Any CPU
		{B184C3DB-E8EC-47C4-BBE4-CA7C3FA78989}.Release|Any CPU.ActiveCfg = Release|Any CPU
		{B184C3DB-E8EC-47C4-BBE4-CA7C3FA78989}.Release|Any CPU.Build.0 = Release|Any CPU
	EndGlobalSection
	GlobalSection(SolutionProperties) = preSolution
		HideSolutionNode = FALSE
	EndGlobalSection
	GlobalSection(ExtensibilityGlobals) = postSolution
		SolutionGuid = {55F06FEE-57F9-42CA-AFDF-48291A9B31C5}
	EndGlobalSection
EndGlobal
